
Microsoft Visual Studio Solution File, Format Version 12.00
# Visual Studio Version 16
VisualStudioVersion = 16.0.28803.352
MinimumVisualStudioVersion = 10.0.40219.1
Project("{FAE04EC0-301F-11D3-BF4B-00C04F79EFBC}") = "Time_Shift", "Time_Shift\Time_Shift.csproj", "{2E6AA275-D1E9-452C-B35E-E7CC6D197441}"
EndProject
Project("{FAE04EC0-301F-11D3-BF4B-00C04F79EFBC}") = "Time_Shift_Test", "Time_Shift_Test\Time_Shift_Test.csproj", "{E04D8960-17EB-4618-BE3F-E0BEFEBA956B}"
EndProject
Global
	GlobalSection(SolutionConfigurationPlatforms) = preSolution
		Debug|Any CPU = Debug|Any CPU
		Debug|x64 = Debug|x64
		Debug|x86 = Debug|x86
		Release|Any CPU = Release|Any CPU
		Release|x64 = Release|x64
		Release|x86 = Release|x86
	EndGlobalSection
	GlobalSection(ProjectConfigurationPlatforms) = postSolution
		{2E6AA275-D1E9-452C-B35E-E7CC6D197441}.Debug|Any CPU.ActiveCfg = Debug|Any CPU
		{2E6AA275-D1E9-452C-B35E-E7CC6D197441}.Debug|Any CPU.Build.0 = Debug|Any CPU
		{2E6AA275-D1E9-452C-B35E-E7CC6D197441}.Debug|x64.ActiveCfg = Debug|x64
		{2E6AA275-D1E9-452C-B35E-E7CC6D197441}.Debug|x64.Build.0 = Debug|x64
		{2E6AA275-D1E9-452C-B35E-E7CC6D197441}.Debug|x86.ActiveCfg = Debug|x86
		{2E6AA275-D1E9-452C-B35E-E7CC6D197441}.Debug|x86.Build.0 = Debug|x86
		{2E6AA275-D1E9-452C-B35E-E7CC6D197441}.Release|Any CPU.ActiveCfg = Release|Any CPU
		{2E6AA275-D1E9-452C-B35E-E7CC6D197441}.Release|Any CPU.Build.0 = Release|Any CPU
		{2E6AA275-D1E9-452C-B35E-E7CC6D197441}.Release|x64.ActiveCfg = Release|x64
		{2E6AA275-D1E9-452C-B35E-E7CC6D197441}.Release|x64.Build.0 = Release|x64
		{2E6AA275-D1E9-452C-B35E-E7CC6D197441}.Release|x86.ActiveCfg = Release|x86
		{2E6AA275-D1E9-452C-B35E-E7CC6D197441}.Release|x86.Build.0 = Release|x86
		{E04D8960-17EB-4618-BE3F-E0BEFEBA956B}.Debug|Any CPU.ActiveCfg = Debug|Any CPU
		{E04D8960-17EB-4618-BE3F-E0BEFEBA956B}.Debug|Any CPU.Build.0 = Debug|Any CPU
		{E04D8960-17EB-4618-BE3F-E0BEFEBA956B}.Debug|x64.ActiveCfg = Debug|x64
		{E04D8960-17EB-4618-BE3F-E0BEFEBA956B}.Debug|x64.Build.0 = Debug|x64
		{E04D8960-17EB-4618-BE3F-E0BEFEBA956B}.Debug|x86.ActiveCfg = Debug|x86
		{E04D8960-17EB-4618-BE3F-E0BEFEBA956B}.Debug|x86.Build.0 = Debug|x86
		{E04D8960-17EB-4618-BE3F-E0BEFEBA956B}.Release|Any CPU.ActiveCfg = Release|Any CPU
		{E04D8960-17EB-4618-BE3F-E0BEFEBA956B}.Release|Any CPU.Build.0 = Release|Any CPU
		{E04D8960-17EB-4618-BE3F-E0BEFEBA956B}.Release|x64.ActiveCfg = Release|x64
		{E04D8960-17EB-4618-BE3F-E0BEFEBA956B}.Release|x64.Build.0 = Release|x64
		{E04D8960-17EB-4618-BE3F-E0BEFEBA956B}.Release|x86.ActiveCfg = Release|x86
		{E04D8960-17EB-4618-BE3F-E0BEFEBA956B}.Release|x86.Build.0 = Release|x86
	EndGlobalSection
	GlobalSection(SolutionProperties) = preSolution
		HideSolutionNode = FALSE
	EndGlobalSection
	GlobalSection(ExtensibilityGlobals) = postSolution
		SolutionGuid = {CCA0CA58-D6FC-428A-9087-0D3C08D67AF3}
	EndGlobalSection
EndGlobal
